Microsoft Visual Studio Solution File, Format Version 12.00
# Visual Studio 14
VisualStudioVersion = 14.0.25420.1
MinimumVisualStudioVersion = 10.0.40219.1
Project("{FAE04EC0-301F-11D3-BF4B-00C04F79EFBC}") = "ZoomableScrollView", "ZoomableScrollView.csproj", "{F917034C-5EB8-4954-8CAD-0859D86DA99D}"
EndProject
Project("{FAE04EC0-301F-11D3-BF4B-00C04F79EFBC}") = "ZoomableScrollView.iOS", "iOS\ZoomableScrollView.iOS.csproj", "{EFE00916-EE30-4517-A370-9379CEDA1BC3}"
EndProject
Project("{FAE04EC0-301F-11D3-BF4B-00C04F79EFBC}") = "ZoomableScrollView.Droid", "Droid\ZoomableScrollView.Droid.csproj", "{8445B0C8-DE7E-4302-9112-47462E88C458}"
EndProject
Project("{FAE04EC0-301F-11D3-BF4B-00C04F79EFBC}") = "ZoomableScrollView.Classic", "ZoomableScrollView.Classic\ZoomableScrollView.Classic.csproj", "{41DA01B0-6F6A-4D2F-8199-7E6EC5C5B073}"
EndProject
Global
	GlobalSection(SolutionConfigurationPlatforms) = preSolution
		Debug|Any CPU = Debug|Any CPU
		Debug|iPhone = Debug|iPhone
		Debug|iPhoneSimulator = Debug|iPhoneSimulator
		Release|Any CPU = Release|Any CPU
		Release|iPhone = Release|iPhone
		Release|iPhoneSimulator = Release|iPhoneSimulator
	EndGlobalSection
	GlobalSection(ProjectConfigurationPlatforms) = postSolution
		{F917034C-5EB8-4954-8CAD-0859D86DA99D}.Debug|Any CPU.ActiveCfg = Debug|Any CPU
		{F917034C-5EB8-4954-8CAD-0859D86DA99D}.Debug|Any CPU.Build.0 = Debug|Any CPU
		{F917034C-5EB8-4954-8CAD-0859D86DA99D}.Debug|iPhone.ActiveCfg = Debug|Any CPU
		{F917034C-5EB8-4954-8CAD-0859D86DA99D}.Debug|iPhone.Build.0 = Debug|Any CPU
		{F917034C-5EB8-4954-8CAD-0859D86DA99D}.Debug|iPhoneSimulator.ActiveCfg = Debug|Any CPU
		{F917034C-5EB8-4954-8CAD-0859D86DA99D}.Debug|iPhoneSimulator.Build.0 = Debug|Any CPU
		{F917034C-5EB8-4954-8CAD-0859D86DA99D}.Release|Any CPU.ActiveCfg = Release|Any CPU
		{F917034C-5EB8-4954-8CAD-0859D86DA99D}.Release|Any CPU.Build.0 = Release|Any CPU
		{F917034C-5EB8-4954-8CAD-0859D86DA99D}.Release|iPhone.ActiveCfg = Release|Any CPU
		{F917034C-5EB8-4954-8CAD-0859D86DA99D}.Release|iPhone.Build.0 = Release|Any CPU
		{F917034C-5EB8-4954-8CAD-0859D86DA99D}.Release|iPhoneSimulator.ActiveCfg = Release|Any CPU
		{F917034C-5EB8-4954-8CAD-0859D86DA99D}.Release|iPhoneSimulator.Build.0 = Release|Any CPU
		{EFE00916-EE30-4517-A370-9379CEDA1BC3}.Debug|Any CPU.ActiveCfg = Debug|iPhoneSimulator
		{EFE00916-EE30-4517-A370-9379CEDA1BC3}.Debug|Any CPU.Build.0 = Debug|iPhoneSimulator
		{EFE00916-EE30-4517-A370-9379CEDA1BC3}.Debug|iPhone.ActiveCfg = Debug|iPhone
		{EFE00916-EE30-4517-A370-9379CEDA1BC3}.Debug|iPhone.Build.0 = Debug|iPhone
		{EFE00916-EE30-4517-A370-9379CEDA1BC3}.Debug|iPhoneSimulator.ActiveCfg = Debug|iPhoneSimulator
		{EFE00916-EE30-4517-A370-9379CEDA1BC3}.Debug|iPhoneSimulator.Build.0 = Debug|iPhoneSimulator
		{EFE00916-EE30-4517-A370-9379CEDA1BC3}.Release|Any CPU.ActiveCfg = Debug|iPhoneSimulator
		{EFE00916-EE30-4517-A370-9379CEDA1BC3}.Release|Any CPU.Build.0 = Debug|iPhoneSimulator
		{EFE00916-EE30-4517-A370-9379CEDA1BC3}.Release|iPhone.ActiveCfg = Release|iPhone
		{EFE00916-EE30-4517-A370-9379CEDA1BC3}.Release|iPhone.Build.0 = Release|iPhone
		{EFE00916-EE30-4517-A370-9379CEDA1BC3}.Release|iPhoneSimulator.ActiveCfg = Release|iPhoneSimulator
		{EFE00916-EE30-4517-A370-9379CEDA1BC3}.Release|iPhoneSimulator.Build.0 = Release|iPhoneSimulator
		{8445B0C8-DE7E-4302-9112-47462E88C458}.Debug|Any CPU.ActiveCfg = Debug|Any CPU
		{8445B0C8-DE7E-4302-9112-47462E88C458}.Debug|Any CPU.Build.0 = Debug|Any CPU
		{8445B0C8-DE7E-4302-9112-47462E88C458}.Debug|Any CPU.Deploy.0 = Debug|Any CPU
		{8445B0C8-DE7E-4302-9112-47462E88C458}.Debug|iPhone.ActiveCfg = Debug|Any CPU
		{8445B0C8-DE7E-4302-9112-47462E88C458}.Debug|iPhone.Build.0 = Debug|Any CPU
		{8445B0C8-DE7E-4302-9112-47462E88C458}.Debug|iPhoneSimulator.ActiveCfg = Debug|Any CPU
		{8445B0C8-DE7E-4302-9112-47462E88C458}.Debug|iPhoneSimulator.Build.0 = Debug|Any CPU
		{8445B0C8-DE7E-4302-9112-47462E88C458}.Release|Any CPU.ActiveCfg = Release|Any CPU
		{8445B0C8-DE7E-4302-9112-47462E88C458}.Release|Any CPU.Build.0 = Release|Any CPU
		{8445B0C8-DE7E-4302-9112-47462E88C458}.Release|iPhone.ActiveCfg = Release|Any CPU
		{8445B0C8-DE7E-4302-9112-47462E88C458}.Release|iPhone.Build.0 = Release|Any CPU
		{8445B0C8-DE7E-4302-9112-47462E88C458}.Release|iPhoneSimulator.ActiveCfg = Release|Any CPU
		{8445B0C8-DE7E-4302-9112-47462E88C458}.Release|iPhoneSimulator.Build.0 = Release|Any CPU
		{41DA01B0-6F6A-4D2F-8199-7E6EC5C5B073}.Debug|Any CPU.ActiveCfg = Debug|iPhoneSimulator
		{41DA01B0-6F6A-4D2F-8199-7E6EC5C5B073}.Debug|Any CPU.Build.0 = Debug|iPhoneSimulator
		{41DA01B0-6F6A-4D2F-8199-7E6EC5C5B073}.Debug|iPhone.ActiveCfg = Debug|iPhone
		{41DA01B0-6F6A-4D2F-8199-7E6EC5C5B073}.Debug|iPhone.Build.0 = Debug|iPhone
		{41DA01B0-6F6A-4D2F-8199-7E6EC5C5B073}.Debug|iPhoneSimulator.ActiveCfg = Debug|iPhoneSimulator
		{41DA01B0-6F6A-4D2F-8199-7E6EC5C5B073}.Debug|iPhoneSimulator.Build.0 = Debug|iPhoneSimulator
		{41DA01B0-6F6A-4D2F-8199-7E6EC5C5B073}.Release|Any CPU.ActiveCfg = Debug|iPhoneSimulator
		{41DA01B0-6F6A-4D2F-8199-7E6EC5C5B073}.Release|Any CPU.Build.0 = Debug|iPhoneSimulator
		{41DA01B0-6F6A-4D2F-8199-7E6EC5C5B073}.Release|iPhone.ActiveCfg = Release|iPhone
		{41DA01B0-6F6A-4D2F-8199-7E6EC5C5B073}.Release|iPhone.Build.0 = Release|iPhone
		{41DA01B0-6F6A-4D2F-8199-7E6EC5C5B073}.Release|iPhoneSimulator.ActiveCfg = Release|iPhoneSimulator
		{41DA01B0-6F6A-4D2F-8199-7E6EC5C5B073}.Release|iPhoneSimulator.Build.0 = Release|iPhoneSimulator
	EndGlobalSection
	GlobalSection(SolutionProperties) = preSolution
		HideSolutionNode = FALSE
	EndGlobalSection
EndGlobal
